{
  "name": "vessel-sample",
  "version": "1.1.2",
  "lockfileVersion": 3,
  "requires": true,
  "packages": {
    "": {
      "name": "vessel-sample",
      "version": "1.1.2",
      "dependencies": {
        "@vessel-aircodr/sdk": "^0.2.0"
      }
    },
    "node_modules/@vessel-aircodr/sdk": {
      "version": "0.2.0",
      "resolved": "https://registry.npmjs.org/@vessel-aircodr/sdk/-/sdk-0.2.0.tgz",
      "integrity": "sha512-8SvGykR2eVppozILZLN4+ze3GYsv/6cduOxEU2lxlTevFKz0XYbi/H77UZ1GPIlG0NkX4TSQqu9vPgFI4TtGcg==",
      "license": "MIT"
    }
  }
}
